
Microsoft Visual Studio Solution File, Format Version 12.00
# Visual Studio Version 17
VisualStudioVersion = 17.9.34616.47
MinimumVisualStudioVersion = 10.0.40219.1
Project("{FAE04EC0-301F-11D3-BF4B-00C04F79EFBC}") = "MetaQuest-Data-Importer", "MetaQuest-Data-Importer.csproj", "{FEB99BEC-B74C-4D60-9B52-3DB8E40D41BB}"
EndProject
Global
	GlobalSection(SolutionConfigurationPlatforms) = preSolution
		Debug|Any CPU = Debug|Any CPU
		Release|Any CPU = Release|Any CPU
	EndGlobalSection
	GlobalSection(ProjectConfigurationPlatforms) = postSolution
		{FEB99BEC-B74C-4D60-9B52-3DB8E40D41BB}.Debug|Any CPU.ActiveCfg = Debug|Any CPU
		{FEB99BEC-B74C-4D60-9B52-3DB8E40D41BB}.Debug|Any CPU.Build.0 = Debug|Any CPU
		{FEB99BEC-B74C-4D60-9B52-3DB8E40D41BB}.Debug|Any CPU.Deploy.0 = Debug|Any CPU
		{FEB99BEC-B74C-4D60-9B52-3DB8E40D41BB}.Release|Any CPU.ActiveCfg = Release|Any CPU
		{FEB99BEC-B74C-4D60-9B52-3DB8E40D41BB}.Release|Any CPU.Build.0 = Release|Any CPU
		{FEB99BEC-B74C-4D60-9B52-3DB8E40D41BB}.Release|Any CPU.Deploy.0 = Release|Any CPU
	EndGlobalSection
	GlobalSection(SolutionProperties) = preSolution
		HideSolutionNode = FALSE
	EndGlobalSection
	GlobalSection(ExtensibilityGlobals) = postSolution
		SolutionGuid = {940E4160-C0D1-4606-B779-739DB799D5D3}
	EndGlobalSection
EndGlobal
